
Microsoft Visual Studio Solution File, Format Version 12.00
# Visual Studio Version 16
VisualStudioVersion = 16.0.31025.194
MinimumVisualStudioVersion = 10.0.40219.1
Project("{FAE04EC0-301F-11D3-BF4B-00C04F79EFBC}") = "Buoi2", "Buoi2\Buoi2.csproj", "{DC5DADDF-2CA8-480E-B920-30A05B94A6F8}"
EndProject
Global
	GlobalSection(SolutionConfigurationPlatforms) = preSolution
		Debug|Any CPU = Debug|Any CPU
		Release|Any CPU = Release|Any CPU
	EndGlobalSection
	GlobalSection(ProjectConfigurationPlatforms) = postSolution
		{DC5DADDF-2CA8-480E-B920-30A05B94A6F8}.Debug|Any CPU.ActiveCfg = Debug|Any CPU
		{DC5DADDF-2CA8-480E-B920-30A05B94A6F8}.Debug|Any CPU.Build.0 = Debug|Any CPU
		{DC5DADDF-2CA8-480E-B920-30A05B94A6F8}.Release|Any CPU.ActiveCfg = Release|Any CPU
		{DC5DADDF-2CA8-480E-B920-30A05B94A6F8}.Release|Any CPU.Build.0 = Release|Any CPU
	EndGlobalSection
	GlobalSection(SolutionProperties) = preSolution
		HideSolutionNode = FALSE
	EndGlobalSection
	GlobalSection(ExtensibilityGlobals) = postSolution
		SolutionGuid = {ADC48A7F-B791-4D6F-A1F5-55B1AA0A8711}
	EndGlobalSection
EndGlobal
