
Microsoft Visual Studio Solution File, Format Version 12.00
# Visual Studio Version 16
VisualStudioVersion = 16.0.31129.286
MinimumVisualStudioVersion = 10.0.40219.1
Project("{FAE04EC0-301F-11D3-BF4B-00C04F79EFBC}") = "Buoi4", "Buoi4\Buoi4.csproj", "{D1030DB0-8C91-4A0D-8BCE-7161E8752D5D}"
EndProject
Global
	GlobalSection(SolutionConfigurationPlatforms) = preSolution
		Debug|Any CPU = Debug|Any CPU
		Release|Any CPU = Release|Any CPU
	EndGlobalSection
	GlobalSection(ProjectConfigurationPlatforms) = postSolution
		{D1030DB0-8C91-4A0D-8BCE-7161E8752D5D}.Debug|Any CPU.ActiveCfg = Debug|Any CPU
		{D1030DB0-8C91-4A0D-8BCE-7161E8752D5D}.Debug|Any CPU.Build.0 = Debug|Any CPU
		{D1030DB0-8C91-4A0D-8BCE-7161E8752D5D}.Release|Any CPU.ActiveCfg = Release|Any CPU
		{D1030DB0-8C91-4A0D-8BCE-7161E8752D5D}.Release|Any CPU.Build.0 = Release|Any CPU
	EndGlobalSection
	GlobalSection(SolutionProperties) = preSolution
		HideSolutionNode = FALSE
	EndGlobalSection
	GlobalSection(ExtensibilityGlobals) = postSolution
		SolutionGuid = {9048A3DA-FA83-41EA-8AD1-6D8A6820A3D3}
	EndGlobalSection
EndGlobal
